// !$*UTF8*$!
{
	archiveVersion = 1;
	classes = {
	};
	objectVersion = 50;
	objects = {

/* Begin PBXBuildFile section */
		19200BD0216F65B000EF7D6F /* AppDelegate.m in Sources */ = {isa = PBXBuildFile; fileRef = 19200BCF216F65B000EF7D6F /* AppDelegate.m */; };
		19200BD3216F65B100EF7D6F /* ViewController.m in Sources */ = {isa = PBXBuildFile; fileRef = 19200BD2216F65B100EF7D6F /* ViewController.m */; };
		19200BD6216F65B100EF7D6F /* Main.storyboard in Resources */ = {isa = PBXBuildFile; fileRef = 19200BD4216F65B100EF7D6F /* Main.storyboard */; };
		19200BD8216F65B200EF7D6F /* Assets.xcassets in Resources */ = {isa = PBXBuildFile; fileRef = 19200BD7216F65B200EF7D6F /* Assets.xcassets */; };
		19200BDB216F65B200EF7D6F /* LaunchScreen.storyboard in Resources */ = {isa = PBXBuildFile; fileRef = 19200BD9216F65B200EF7D6F /* LaunchScreen.storyboard */; };
		19200BDE216F65B200EF7D6F /* main.m in Sources */ = {isa = PBXBuildFile; fileRef = 19200BDD216F65B200EF7D6F /* main.m */; };
		19200BE8216F65B200EF7D6F /* simple_player_iOSTests.m in Sources */ = {isa = PBXBuildFile; fileRef = 19200BE7216F65B200EF7D6F /* simple_player_iOSTests.m */; };
		19200BF3216F65B200EF7D6F /* simple_player_iOSUITests.m in Sources */ = {isa = PBXBuildFile; fileRef = 19200BF2216F65B200EF7D6F /* simple_player_iOSUITests.m */; };
		19200C8A216F660E00EF7D6F /* libz.tbd in Frameworks */ = {isa = PBXBuildFile; fileRef = 19200C89216F660E00EF7D6F /* libz.tbd */; };
		19200C8C216F661400EF7D6F /* libbz2.tbd in Frameworks */ = {isa = PBXBuildFile; fileRef = 19200C8B216F661400EF7D6F /* libbz2.tbd */; };
		19200C8E216F661B00EF7D6F /* libiconv.tbd in Frameworks */ = {isa = PBXBuildFile; fileRef = 19200C8D216F661B00EF7D6F /* libiconv.tbd */; };
		19200C92216F663A00EF7D6F /* cmdutils.c in Sources */ = {isa = PBXBuildFile; fileRef = 19200C8F216F663900EF7D6F /* cmdutils.c */; };
		19200C93216F663A00EF7D6F /* ffplay.c in Sources */ = {isa = PBXBuildFile; fileRef = 19200C91216F663900EF7D6F /* ffplay.c */; };
/* End PBXBuildFile section */

/* Begin PBXContainerItemProxy section */
		19200BE4216F65B200EF7D6F /* PBXContainerItemProxy */ = {
			isa = PBXContainerItemProxy;
			containerPortal = 19200BC3216F65B000EF7D6F /* Project object */;
			proxyType = 1;
			remoteGlobalIDString = 19200BCA216F65B000EF7D6F;
			remoteInfo = "simple-player-iOS";
		};
		19200BEF216F65B200EF7D6F /* PBXContainerItemProxy */ = {
			isa = PBXContainerItemProxy;
			containerPortal = 19200BC3216F65B000EF7D6F /* Project object */;
			proxyType = 1;
			remoteGlobalIDString = 19200BCA216F65B000EF7D6F;
			remoteInfo = "simple-player-iOS";
		};
/* End PBXContainerItemProxy section */

/* Begin PBXFileReference section */
		19200BCB216F65B000EF7D6F /* simple-player-iOS.app */ = {isa = PBXFileReference; explicitFileType = wrapper.application; includeInIndex = 0; path = "simple-player-iOS.app"; sourceTree = BUILT_PRODUCTS_DIR; };
		19200BCE216F65B000EF7D6F /* AppDelegate.h */ = {isa = PBXFileReference; lastKnownFileType = sourcecode.c.h; path = AppDelegate.h; sourceTree = "<group>"; };
		19200BCF216F65B000EF7D6F /* AppDelegate.m */ = {isa = PBXFileReference; lastKnownFileType = sourcecode.c.objc; path = AppDelegate.m; sourceTree = "<group>"; };
		19200BD1216F65B000EF7D6F /* ViewController.h */ = {isa = PBXFileReference; lastKnownFileType = sourcecode.c.h; path = ViewController.h; sourceTree = "<group>"; };
		19200BD2216F65B100EF7D6F /* ViewController.m */ = {isa = PBXFileReference; lastKnownFileType = sourcecode.c.objc; path = ViewController.m; sourceTree = "<group>"; };
		19200BD5216F65B100EF7D6F /* Base */ = {isa = PBXFileReference; lastKnownFileType = file.storyboard; name = Base; path = Base.lproj/Main.storyboard; sourceTree = "<group>"; };
		19200BD7216F65B200EF7D6F /* Assets.xcassets */ = {isa = PBXFileReference; lastKnownFileType = folder.assetcatalog; path = Assets.xcassets; sourceTree = "<group>"; };
		19200BDA216F65B200EF7D6F /* Base */ = {isa = PBXFileReference; lastKnownFileType = file.storyboard; name = Base; path = Base.lproj/LaunchScreen.storyboard; sourceTree = "<group>"; };
		19200BDC216F65B200EF7D6F /* Info.plist */ = {isa = PBXFileReference; lastKnownFileType = text.plist.xml; path = Info.plist; sourceTree = "<group>"; };
		19200BDD216F65B200EF7D6F /* main.m */ = {isa = PBXFileReference; lastKnownFileType = sourcecode.c.objc; path = main.m; sourceTree = "<group>"; };
		19200BE3216F65B200EF7D6F /* simple-player-iOSTests.xctest */ = {isa = PBXFileReference; explicitFileType = wrapper.cfbundle; includeInIndex = 0; path = "simple-player-iOSTests.xctest"; sourceTree = BUILT_PRODUCTS_DIR; };
		19200BE7216F65B200EF7D6F /* simple_player_iOSTests.m */ = {isa = PBXFileReference; lastKnownFileType = sourcecode.c.objc; path = simple_player_iOSTests.m; sourceTree = "<group>"; };
		19200BE9216F65B200EF7D6F /* Info.plist */ = {isa = PBXFileReference; lastKnownFileType = text.plist.xml; path = Info.plist; sourceTree = "<group>"; };
		19200BEE216F65B200EF7D6F /* simple-player-iOSUITests.xctest */ = {isa = PBXFileReference; explicitFileType = wrapper.cfbundle; includeInIndex = 0; path = "simple-player-iOSUITests.xctest"; sourceTree = BUILT_PRODUCTS_DIR; };
		19200BF2216F65B200EF7D6F /* simple_player_iOSUITests.m */ = {isa = PBXFileReference; lastKnownFileType = sourcecode.c.objc; path = simple_player_iOSUITests.m; sourceTree = "<group>"; };
		19200BF4216F65B200EF7D6F /* Info.plist */ = {isa = PBXFileReference; lastKnownFileType = text.plist.xml; path = Info.plist; sourceTree = "<group>"; };
		19200C89216F660E00EF7D6F /* libz.tbd */ = {isa = PBXFileReference; lastKnownFileType = "sourcecode.text-based-dylib-definition"; name = libz.tbd; path = usr/lib/libz.tbd; sourceTree = SDKROOT; };
		19200C8B216F661400EF7D6F /* libbz2.tbd */ = {isa = PBXFileReference; lastKnownFileType = "sourcecode.text-based-dylib-definition"; name = libbz2.tbd; path = usr/lib/libbz2.tbd; sourceTree = SDKROOT; };
		19200C8D216F661B00EF7D6F /* libiconv.tbd */ = {isa = PBXFileReference; lastKnownFileType = "sourcecode.text-based-dylib-definition"; name = libiconv.tbd; path = usr/lib/libiconv.tbd; sourceTree = SDKROOT; };
		19200C8F216F663900EF7D6F /* cmdutils.c */ = {isa = PBXFileReference; fileEncoding = 4; lastKnownFileType = sourcecode.c.c; path = cmdutils.c; sourceTree = "<group>"; };
		19200C90216F663900EF7D6F /* cmdutils.h */ = {isa = PBXFileReference; fileEncoding = 4; lastKnownFileType = sourcecode.c.h; path = cmdutils.h; sourceTree = "<group>"; };
		19200C91216F663900EF7D6F /* ffplay.c */ = {isa = PBXFileReference; fileEncoding = 4; lastKnownFileType = sourcecode.c.c; path = ffplay.c; sourceTree = "<group>"; };
		19200C94216F664B00EF7D6F /* config.h */ = {isa = PBXFileReference; fileEncoding = 4; lastKnownFileType = sourcecode.c.h; path = config.h; sourceTree = "<group>"; };
/* End PBXFileReference section */

/* Begin PBXFrameworksBuildPhase section */
		19200BC8216F65B000EF7D6F /* Frameworks */ = {
			isa = PBXFrameworksBuildPhase;
			buildActionMask = 2147483647;
			files = (
				19200C8E216F661B00EF7D6F /* libiconv.tbd in Frameworks */,
				19200C8C216F661400EF7D6F /* libbz2.tbd in Frameworks */,
				19200C8A216F660E00EF7D6F /* libz.tbd in Frameworks */,
			);
			runOnlyForDeploymentPostprocessing = 0;
		};
		19200BE0216F65B200EF7D6F /* Frameworks */ = {
			isa = PBXFrameworksBuildPhase;
			buildActionMask = 2147483647;
			files = (
			);
			runOnlyForDeploymentPostprocessing = 0;
		};
		19200BEB216F65B200EF7D6F /* Frameworks */ = {
			isa = PBXFrameworksBuildPhase;
			buildActionMask = 2147483647;
			files = (
			);
			runOnlyForDeploymentPostprocessing = 0;
		};
/* End PBXFrameworksBuildPhase section */

/* Begin PBXGroup section */
		19200BC2216F65B000EF7D6F = {
			isa = PBXGroup;
			children = (
				19200BCD216F65B000EF7D6F /* simple-player-iOS */,
				19200BE6216F65B200EF7D6F /* simple-player-iOSTests */,
				19200BF1216F65B200EF7D6F /* simple-player-iOSUITests */,
				19200BCC216F65B000EF7D6F /* Products */,
				19200C88216F660E00EF7D6F /* Frameworks */,
			);
			sourceTree = "<group>";
		};
		19200BCC216F65B000EF7D6F /* Products */ = {
			isa = PBXGroup;
			children = (
				19200BCB216F65B000EF7D6F /* simple-player-iOS.app */,
				19200BE3216F65B200EF7D6F /* simple-player-iOSTests.xctest */,
				19200BEE216F65B200EF7D6F /* simple-player-iOSUITests.xctest */,
			);
			name = Products;
			sourceTree = "<group>";
		};
		19200BCD216F65B000EF7D6F /* simple-player-iOS */ = {
			isa = PBXGroup;
			children = (
				19200BCE216F65B000EF7D6F /* AppDelegate.h */,
				19200BCF216F65B000EF7D6F /* AppDelegate.m */,
				19200BD1216F65B000EF7D6F /* ViewController.h */,
				19200BD2216F65B100EF7D6F /* ViewController.m */,
				19200C8F216F663900EF7D6F /* cmdutils.c */,
				19200C90216F663900EF7D6F /* cmdutils.h */,
				19200C91216F663900EF7D6F /* ffplay.c */,
				19200C94216F664B00EF7D6F /* config.h */,
				19200BD4216F65B100EF7D6F /* Main.storyboard */,
				19200BD7216F65B200EF7D6F /* Assets.xcassets */,
				19200BD9216F65B200EF7D6F /* LaunchScreen.storyboard */,
				19200BDC216F65B200EF7D6F /* Info.plist */,
				19200BDD216F65B200EF7D6F /* main.m */,
			);
			path = "simple-player-iOS";
			sourceTree = "<group>";
		};
		19200BE6216F65B200EF7D6F /* simple-player-iOSTests */ = {
			isa = PBXGroup;
			children = (
				19200BE7216F65B200EF7D6F /* simple_player_iOSTests.m */,
				19200BE9216F65B200EF7D6F /* Info.plist */,
			);
			path = "simple-player-iOSTests";
			sourceTree = "<group>";
		};
		19200BF1216F65B200EF7D6F /* simple-player-iOSUITests */ = {
			isa = PBXGroup;
			children = (
				19200BF2216F65B200EF7D6F /* simple_player_iOSUITests.m */,
				19200BF4216F65B200EF7D6F /* Info.plist */,
			);
			path = "simple-player-iOSUITests";
			sourceTree = "<group>";
		};
		19200C88216F660E00EF7D6F /* Frameworks */ = {
			isa = PBXGroup;
			children = (
				19200C8D216F661B00EF7D6F /* libiconv.tbd */,
				19200C8B216F661400EF7D6F /* libbz2.tbd */,
				19200C89216F660E00EF7D6F /* libz.tbd */,
			);
			name = Frameworks;
			sourceTree = "<group>";
		};
/* End PBXGroup section */

/* Begin PBXNativeTarget section */
		19200BCA216F65B000EF7D6F /* simple-player-iOS */ = {
			isa = PBXNativeTarget;
			buildConfigurationList = 19200BF7216F65B200EF7D6F /* Build configuration list for PBXNativeTarget "simple-player-iOS" */;
			buildPhases = (
				19200BC7216F65B000EF7D6F /* Sources */,
				19200BC8216F65B000EF7D6F /* Frameworks */,
				19200BC9216F65B000EF7D6F /* Resources */,
			);
			buildRules = (
			);
			dependencies = (
			);
			name = "simple-player-iOS";
			productName = "simple-player-iOS";
			productReference = 19200BCB216F65B000EF7D6F /* simple-player-iOS.app */;
			productType = "com.apple.product-type.application";
		};
		19200BE2216F65B200EF7D6F /* simple-player-iOSTests */ = {
			isa = PBXNativeTarget;
			buildConfigurationList = 19200BFA216F65B200EF7D6F /* Build configuration list for PBXNativeTarget "simple-player-iOSTests" */;
			buildPhases = (
				19200BDF216F65B200EF7D6F /* Sources */,
				19200BE0216F65B200EF7D6F /* Frameworks */,
				19200BE1216F65B200EF7D6F /* Resources */,
			);
			buildRules = (
			);
			dependencies = (
				19200BE5216F65B200EF7D6F /* PBXTargetDependency */,
			);
			name = "simple-player-iOSTests";
			productName = "simple-player-iOSTests";
			productReference = 19200BE3216F65B200EF7D6F /* simple-player-iOSTests.xctest */;
			productType = "com.apple.product-type.bundle.unit-test";
		};
		19200BED216F65B200EF7D6F /* simple-player-iOSUITests */ = {
			isa = PBXNativeTarget;
			buildConfigurationList = 19200BFD216F65B200EF7D6F /* Build configuration list for PBXNativeTarget "simple-player-iOSUITests" */;
			buildPhases = (
				19200BEA216F65B200EF7D6F /* Sources */,
				19200BEB216F65B200EF7D6F /* Frameworks */,
				19200BEC216F65B200EF7D6F /* Resources */,
			);
			buildRules = (
			);
			dependencies = (
				19200BF0216F65B200EF7D6F /* PBXTargetDependency */,
			);
			name = "simple-player-iOSUITests";
			productName = "simple-player-iOSUITests";
			productReference = 19200BEE216F65B200EF7D6F /* simple-player-iOSUITests.xctest */;
			productType = "com.apple.product-type.bundle.ui-testing";
		};
/* End PBXNativeTarget section */

/* Begin PBXProject section */
		19200BC3216F65B000EF7D6F /* Project object */ = {
			isa = PBXProject;
			attributes = {
				LastUpgradeCheck = 0940;
				ORGANIZATIONNAME = "孙鹏举";
				TargetAttributes = {
					19200BCA216F65B000EF7D6F = {
						CreatedOnToolsVersion = 9.4.1;
					};
					19200BE2216F65B200EF7D6F = {
						CreatedOnToolsVersion = 9.4.1;
						TestTargetID = 19200BCA216F65B000EF7D6F;
					};
					19200BED216F65B200EF7D6F = {
						CreatedOnToolsVersion = 9.4.1;
						TestTargetID = 19200BCA216F65B000EF7D6F;
					};
				};
			};
			buildConfigurationList = 19200BC6216F65B000EF7D6F /* Build configuration list for PBXProject "simple-player-iOS" */;
			compatibilityVersion = "Xcode 9.3";
			developmentRegion = en;
			hasScannedForEncodings = 0;
			knownRegions = (
				en,
				Base,
			);
			mainGroup = 19200BC2216F65B000EF7D6F;
			productRefGroup = 19200BCC216F65B000EF7D6F /* Products */;
			projectDirPath = "";
			projectRoot = "";
			targets = (
				19200BCA216F65B000EF7D6F /* simple-player-iOS */,
				19200BE2216F65B200EF7D6F /* simple-player-iOSTests */,
				19200BED216F65B200EF7D6F /* simple-player-iOSUITests */,
			);
		};
/* End PBXProject section */

/* Begin PBXResourcesBuildPhase section */
		19200BC9216F65B000EF7D6F /* Resources */ = {
			isa = PBXResourcesBuildPhase;
			buildActionMask = 2147483647;
			files = (
				19200BDB216F65B200EF7D6F /* LaunchScreen.storyboard in Resources */,
				19200BD8216F65B200EF7D6F /* Assets.xcassets in Resources */,
				19200BD6216F65B100EF7D6F /* Main.storyboard in Resources */,
			);
			runOnlyForDeploymentPostprocessing = 0;
		};
		19200BE1216F65B200EF7D6F /* Resources */ = {
			isa = PBXResourcesBuildPhase;
			buildActionMask = 2147483647;
			files = (
			);
			runOnlyForDeploymentPostprocessing = 0;
		};
		19200BEC216F65B200EF7D6F /* Resources */ = {
			isa = PBXResourcesBuildPhase;
			buildActionMask = 2147483647;
			files = (
			);
			runOnlyForDeploymentPostprocessing = 0;
		};
/* End PBXResourcesBuildPhase section */

/* Begin PBXSourcesBuildPhase section */
		19200BC7216F65B000EF7D6F /* Sources */ = {
			isa = PBXSourcesBuildPhase;
			buildActionMask = 2147483647;
			files = (
				19200C93216F663A00EF7D6F /* ffplay.c in Sources */,
				19200C92216F663A00EF7D6F /* cmdutils.c in Sources */,
				19200BD3216F65B100EF7D6F /* ViewController.m in Sources */,
				19200BDE216F65B200EF7D6F /* main.m in Sources */,
				19200BD0216F65B000EF7D6F /* AppDelegate.m in Sources */,
			);
			runOnlyForDeploymentPostprocessing = 0;
		};
		19200BDF216F65B200EF7D6F /* Sources */ = {
			isa = PBXSourcesBuildPhase;
			buildActionMask = 2147483647;
			files = (
				19200BE8216F65B200EF7D6F /* simple_player_iOSTests.m in Sources */,
			);
			runOnlyForDeploymentPostprocessing = 0;
		};
		19200BEA216F65B200EF7D6F /* Sources */ = {
			isa = PBXSourcesBuildPhase;
			buildActionMask = 2147483647;
			files = (
				19200BF3216F65B200EF7D6F /* simple_player_iOSUITests.m in Sources */,
			);
			runOnlyForDeploymentPostprocessing = 0;
		};
/* End PBXSourcesBuildPhase section */

/* Begin PBXTargetDependency section */
		19200BE5216F65B200EF7D6F /* PBXTargetDependency */ = {
			isa = PBXTargetDependency;
			target = 19200BCA216F65B000EF7D6F /* simple-player-iOS */;
			targetProxy = 19200BE4216F65B200EF7D6F /* PBXContainerItemProxy */;
		};
		19200BF0216F65B200EF7D6F /* PBXTargetDependency */ = {
			isa = PBXTargetDependency;
			target = 19200BCA216F65B000EF7D6F /* simple-player-iOS */;
			targetProxy = 19200BEF216F65B200EF7D6F /* PBXContainerItemProxy */;
		};
/* End PBXTargetDependency section */

/* Begin PBXVariantGroup section */
		19200BD4216F65B100EF7D6F /* Main.storyboard */ = {
			isa = PBXVariantGroup;
			children = (
				19200BD5216F65B100EF7D6F /* Base */,
			);
			name = Main.storyboard;
			sourceTree = "<group>";
		};
		19200BD9216F65B200EF7D6F /* LaunchScreen.storyboard */ = {
			isa = PBXVariantGroup;
			children = (
				19200BDA216F65B200EF7D6F /* Base */,
			);
			name = LaunchScreen.storyboard;
			sourceTree = "<group>";
		};
/* End PBXVariantGroup section */

/* Begin XCBuildConfiguration section */
		19200BF5216F65B200EF7D6F /* Debug */ = {
			isa = XCBuildConfiguration;
			buildSettings = {
				ALWAYS_SEARCH_USER_PATHS = NO;
				CLANG_ANALYZER_NONNULL = YES;
				CLANG_ANALYZER_NUMBER_OBJECT_CONVERSION = YES_AGGRESSIVE;
				CLANG_CXX_LANGUAGE_STANDARD = "gnu++14";
				CLANG_CXX_LIBRARY = "libc++";
				CLANG_ENABLE_MODULES = YES;
				CLANG_ENABLE_OBJC_ARC = YES;
				CLANG_ENABLE_OBJC_WEAK = YES;
				CLANG_WARN_BLOCK_CAPTURE_AUTORELEASING = YES;
				CLANG_WARN_BOOL_CONVERSION = YES;
				CLANG_WARN_COMMA = YES;
				CLANG_WARN_CONSTANT_CONVERSION = YES;
				CLANG_WARN_DEPRECATED_OBJC_IMPLEMENTATIONS = YES;
				CLANG_WARN_DIRECT_OBJC_ISA_USAGE = YES_ERROR;
				CLANG_WARN_DOCUMENTATION_COMMENTS = YES;
				CLANG_WARN_EMPTY_BODY = YES;
				CLANG_WARN_ENUM_CONVERSION = YES;
				CLANG_WARN_INFINITE_RECURSION = YES;
				CLANG_WARN_INT_CONVERSION = YES;
				CLANG_WARN_NON_LITERAL_NULL_CONVERSION = YES;
				CLANG_WARN_OBJC_IMPLICIT_RETAIN_SELF = YES;
				CLANG_WARN_OBJC_LITERAL_CONVERSION = YES;
				CLANG_WARN_OBJC_ROOT_CLASS = YES_ERROR;
				CLANG_WARN_RANGE_LOOP_ANALYSIS = YES;
				CLANG_WARN_STRICT_PROTOTYPES = YES;
				CLANG_WARN_SUSPICIOUS_MOVE = YES;
				CLANG_WARN_UNGUARDED_AVAILABILITY = YES_AGGRESSIVE;
				CLANG_WARN_UNREACHABLE_CODE = YES;
				CLANG_WARN__DUPLICATE_METHOD_MATCH = YES;
				CODE_SIGN_IDENTITY = "iPhone Developer";
				COPY_PHASE_STRIP = NO;
				DEBUG_INFORMATION_FORMAT = dwarf;
				ENABLE_STRICT_OBJC_MSGSEND = YES;
				ENABLE_TESTABILITY = YES;
				GCC_C_LANGUAGE_STANDARD = gnu11;
				GCC_DYNAMIC_NO_PIC = NO;
				GCC_NO_COMMON_BLOCKS = YES;
				GCC_OPTIMIZATION_LEVEL = 0;
				GCC_PREPROCESSOR_DEFINITIONS = (
					"DEBUG=1",
					"$(inherited)",
				);
				GCC_WARN_64_TO_32_BIT_CONVERSION = YES;
				GCC_WARN_ABOUT_RETURN_TYPE = YES_ERROR;
				GCC_WARN_UNDECLARED_SELECTOR = YES;
				GCC_WARN_UNINITIALIZED_AUTOS = YES_AGGRESSIVE;
				GCC_WARN_UNUSED_FUNCTION = YES;
				GCC_WARN_UNUSED_VARIABLE = YES;
				IPHONEOS_DEPLOYMENT_TARGET = 11.4;
				MTL_ENABLE_DEBUG_INFO = YES;
				ONLY_ACTIVE_ARCH = YES;
				SDKROOT = iphoneos;
			};
			name = Debug;
		};
		19200BF6216F65B200EF7D6F /* Release */ = {
			isa = XCBuildConfiguration;
			buildSettings = {
				ALWAYS_SEARCH_USER_PATHS = NO;
				CLANG_ANALYZER_NONNULL = YES;
				CLANG_ANALYZER_NUMBER_OBJECT_CONVERSION = YES_AGGRESSIVE;
				CLANG_CXX_LANGUAGE_STANDARD = "gnu++14";
				CLANG_CXX_LIBRARY = "libc++";
				CLANG_ENABLE_MODULES = YES;
				CLANG_ENABLE_OBJC_ARC = YES;
				CLANG_ENABLE_OBJC_WEAK = YES;
				CLANG_WARN_BLOCK_CAPTURE_AUTORELEASING = YES;
				CLANG_WARN_BOOL_CONVERSION = YES;
				CLANG_WARN_COMMA = YES;
				CLANG_WARN_CONSTANT_CONVERSION = YES;
				CLANG_WARN_DEPRECATED_OBJC_IMPLEMENTATIONS = YES;
				CLANG_WARN_DIRECT_OBJC_ISA_USAGE = YES_ERROR;
				CLANG_WARN_DOCUMENTATION_COMMENTS = YES;
				CLANG_WARN_EMPTY_BODY = YES;
				CLANG_WARN_ENUM_CONVERSION = YES;
				CLANG_WARN_INFINITE_RECURSION = YES;
				CLANG_WARN_INT_CONVERSION = YES;
				CLANG_WARN_NON_LITERAL_NULL_CONVERSION = YES;
				CLANG_WARN_OBJC_IMPLICIT_RETAIN_SELF = YES;
				CLANG_WARN_OBJC_LITERAL_CONVERSION = YES;
				CLANG_WARN_OBJC_ROOT_CLASS = YES_ERROR;
				CLANG_WARN_RANGE_LOOP_ANALYSIS = YES;
				CLANG_WARN_STRICT_PROTOTYPES = YES;
				CLANG_WARN_SUSPICIOUS_MOVE = YES;
				CLANG_WARN_UNGUARDED_AVAILABILITY = YES_AGGRESSIVE;
				CLANG_WARN_UNREACHABLE_CODE = YES;
				CLANG_WARN__DUPLICATE_METHOD_MATCH = YES;
				CODE_SIGN_IDENTITY = "iPhone Developer";
				COPY_PHASE_STRIP = NO;
				DEBUG_INFORMATION_FORMAT = "dwarf-with-dsym";
				ENABLE_NS_ASSERTIONS = NO;
				ENABLE_STRICT_OBJC_MSGSEND = YES;
				GCC_C_LANGUAGE_STANDARD = gnu11;
				GCC_NO_COMMON_BLOCKS = YES;
				GCC_WARN_64_TO_32_BIT_CONVERSION = YES;
				GCC_WARN_ABOUT_RETURN_TYPE = YES_ERROR;
				GCC_WARN_UNDECLARED_SELECTOR = YES;
				GCC_WARN_UNINITIALIZED_AUTOS = YES_AGGRESSIVE;
				GCC_WARN_UNUSED_FUNCTION = YES;
				GCC_WARN_UNUSED_VARIABLE = YES;
				IPHONEOS_DEPLOYMENT_TARGET = 11.4;
				MTL_ENABLE_DEBUG_INFO = NO;
				SDKROOT = iphoneos;
				VALIDATE_PRODUCT = YES;
			};
			name = Release;
		};
		19200BF8216F65B200EF7D6F /* Debug */ = {
			isa = XCBuildConfiguration;
			buildSettings = {
				ASSETCATALOG_COMPILER_APPICON_NAME = AppIcon;
				CODE_SIGN_STYLE = Automatic;
				DEVELOPMENT_TEAM = CWEB665WS6;
				INFOPLIST_FILE = "simple-player-iOS/Info.plist";
				LD_RUNPATH_SEARCH_PATHS = (
					"$(inherited)",
					"@executable_path/Frameworks",
				);
				LIBRARY_SEARCH_PATHS = (
					"$(inherited)",
					"$(PROJECT_DIR)/simple-player-iOS/FFmpeg-iOS/lib",
					"$(PROJECT_DIR)/simple-player-iOS/SDL2",
				);
				PRODUCT_BUNDLE_IDENTIFIER = "com.cnrmobile.CNRTeaRoadTest.simple-player-iOS";
				PRODUCT_NAME = "$(TARGET_NAME)";
				TARGETED_DEVICE_FAMILY = "1,2";
			};
			name = Debug;
		};
		19200BF9216F65B200EF7D6F /* Release */ = {
			isa = XCBuildConfiguration;
			buildSettings = {
				ASSETCATALOG_COMPILER_APPICON_NAME = AppIcon;
				CODE_SIGN_STYLE = Automatic;
				DEVELOPMENT_TEAM = CWEB665WS6;
				INFOPLIST_FILE = "simple-player-iOS/Info.plist";
				LD_RUNPATH_SEARCH_PATHS = (
					"$(inherited)",
					"@executable_path/Frameworks",
				);
				LIBRARY_SEARCH_PATHS = (
					"$(inherited)",
					"$(PROJECT_DIR)/simple-player-iOS/FFmpeg-iOS/lib",
					"$(PROJECT_DIR)/simple-player-iOS/SDL2",
				);
				PRODUCT_BUNDLE_IDENTIFIER = "com.cnrmobile.CNRTeaRoadTest.simple-player-iOS";
				PRODUCT_NAME = "$(TARGET_NAME)";
				TARGETED_DEVICE_FAMILY = "1,2";
			};
			name = Release;
		};
		19200BFB216F65B200EF7D6F /* Debug */ = {
			isa = XCBuildConfiguration;
			buildSettings = {
				BUNDLE_LOADER = "$(TEST_HOST)";
				CODE_SIGN_STYLE = Automatic;
				DEVELOPMENT_TEAM = CWEB665WS6;
				INFOPLIST_FILE = "simple-player-iOSTests/Info.plist";
				LD_RUNPATH_SEARCH_PATHS = (
					"$(inherited)",
					"@executable_path/Frameworks",
					"@loader_path/Frameworks",
				);
				PRODUCT_BUNDLE_IDENTIFIER = "com.cnrmobile.CNRTeaRoadTest.simple-player-iOSTests";
				PRODUCT_NAME = "$(TARGET_NAME)";
				TARGETED_DEVICE_FAMILY = "1,2";
				TEST_HOST = "$(BUILT_PRODUCTS_DIR)/simple-player-iOS.app/simple-player-iOS";
			};
			name = Debug;
		};
		19200BFC216F65B200EF7D6F /* Release */ = {
			isa = XCBuildConfiguration;
			buildSettings = {
				BUNDLE_LOADER = "$(TEST_HOST)";
				CODE_SIGN_STYLE = Automatic;
				DEVELOPMENT_TEAM = CWEB665WS6;
				INFOPLIST_FILE = "simple-player-iOSTests/Info.plist";
				LD_RUNPATH_SEARCH_PATHS = (
					"$(inherited)",
					"@executable_path/Frameworks",
					"@loader_path/Frameworks",
				);
				PRODUCT_BUNDLE_IDENTIFIER = "com.cnrmobile.CNRTeaRoadTest.simple-player-iOSTests";
				PRODUCT_NAME = "$(TARGET_NAME)";
				TARGETED_DEVICE_FAMILY = "1,2";
				TEST_HOST = "$(BUILT_PRODUCTS_DIR)/simple-player-iOS.app/simple-player-iOS";
			};
			name = Release;
		};
		19200BFE216F65B200EF7D6F /* Debug */ = {
			isa = XCBuildConfiguration;
			buildSettings = {
				CODE_SIGN_STYLE = Automatic;
				DEVELOPMENT_TEAM = CWEB665WS6;
				INFOPLIST_FILE = "simple-player-iOSUITests/Info.plist";
				LD_RUNPATH_SEARCH_PATHS = (
					"$(inherited)",
					"@executable_path/Frameworks",
					"@loader_path/Frameworks",
				);
				PRODUCT_BUNDLE_IDENTIFIER = "com.cnrmobile.CNRTeaRoadTest.simple-player-iOSUITests";
				PRODUCT_NAME = "$(TARGET_NAME)";
				TARGETED_DEVICE_FAMILY = "1,2";
				TEST_TARGET_NAME = "simple-player-iOS";
			};
			name = Debug;
		};
		19200BFF216F65B200EF7D6F /* Release */ = {
			isa = XCBuildConfiguration;
			buildSettings = {
				CODE_SIGN_STYLE = Automatic;
				DEVELOPMENT_TEAM = CWEB665WS6;
				INFOPLIST_FILE = "simple-player-iOSUITests/Info.plist";
				LD_RUNPATH_SEARCH_PATHS = (
					"$(inherited)",
					"@executable_path/Frameworks",
					"@loader_path/Frameworks",
				);
				PRODUCT_BUNDLE_IDENTIFIER = "com.cnrmobile.CNRTeaRoadTest.simple-player-iOSUITests";
				PRODUCT_NAME = "$(TARGET_NAME)";
				TARGETED_DEVICE_FAMILY = "1,2";
				TEST_TARGET_NAME = "simple-player-iOS";
			};
			name = Release;
		};
/* End XCBuildConfiguration section */

/* Begin XCConfigurationList section */
		19200BC6216F65B000EF7D6F /* Build configuration list for PBXProject "simple-player-iOS" */ = {
			isa = XCConfigurationList;
			buildConfigurations = (
				19200BF5216F65B200EF7D6F /* Debug */,
				19200BF6216F65B200EF7D6F /* Release */,
			);
			defaultConfigurationIsVisible = 0;
			defaultConfigurationName = Release;
		};
		19200BF7216F65B200EF7D6F /* Build configuration list for PBXNativeTarget "simple-player-iOS" */ = {
			isa = XCConfigurationList;
			buildConfigurations = (
				19200BF8216F65B200EF7D6F /* Debug */,
				19200BF9216F65B200EF7D6F /* Release */,
			);
			defaultConfigurationIsVisible = 0;
			defaultConfigurationName = Release;
		};
		19200BFA216F65B200EF7D6F /* Build configuration list for PBXNativeTarget "simple-player-iOSTests" */ = {
			isa = XCConfigurationList;
			buildConfigurations = (
				19200BFB216F65B200EF7D6F /* Debug */,
				19200BFC216F65B200EF7D6F /* Release */,
			);
			defaultConfigurationIsVisible = 0;
			defaultConfigurationName = Release;
		};
		19200BFD216F65B200EF7D6F /* Build configuration list for PBXNativeTarget "simple-player-iOSUITests" */ = {
			isa = XCConfigurationList;
			buildConfigurations = (
				19200BFE216F65B200EF7D6F /* Debug */,
				19200BFF216F65B200EF7D6F /* Release */,
			);
			defaultConfigurationIsVisible = 0;
			defaultConfigurationName = Release;
		};
/* End XCConfigurationList section */
	};
	rootObject = 19200BC3216F65B000EF7D6F /* Project object */;
}
